
Microsoft Visual Studio Solution File, Format Version 12.00
# Visual Studio Version 17
VisualStudioVersion = 17.3.32804.467
MinimumVisualStudioVersion = 10.0.40219.1
Project("{FAE04EC0-301F-11D3-BF4B-00C04F79EFBC}") = "CabInvoiceGenerator", "CabInvoiceGenerator.csproj", "{45D265C4-DBD5-4101-B25C-72A97ECF2C65}"
EndProject
Project("{FAE04EC0-301F-11D3-BF4B-00C04F79EFBC}") = "CabInvoiceGeneratorTestProject", "..\CabInvoiceGeneratorTestProject\CabInvoiceGeneratorTestProject.csproj", "{08DDEFE6-91B9-46F1-8699-CED653B60D60}"
EndProject
Global
	GlobalSection(SolutionConfigurationPlatforms) = preSolution
		Debug|Any CPU = Debug|Any CPU
		Release|Any CPU = Release|Any CPU
	EndGlobalSection
	GlobalSection(ProjectConfigurationPlatforms) = postSolution
		{45D265C4-DBD5-4101-B25C-72A97ECF2C65}.Debug|Any CPU.ActiveCfg = Debug|Any CPU
		{45D265C4-DBD5-4101-B25C-72A97ECF2C65}.Debug|Any CPU.Build.0 = Debug|Any CPU
		{45D265C4-DBD5-4101-B25C-72A97ECF2C65}.Release|Any CPU.ActiveCfg = Release|Any CPU
		{45D265C4-DBD5-4101-B25C-72A97ECF2C65}.Release|Any CPU.Build.0 = Release|Any CPU
		{08DDEFE6-91B9-46F1-8699-CED653B60D60}.Debug|Any CPU.ActiveCfg = Debug|Any CPU
		{08DDEFE6-91B9-46F1-8699-CED653B60D60}.Debug|Any CPU.Build.0 = Debug|Any CPU
		{08DDEFE6-91B9-46F1-8699-CED653B60D60}.Release|Any CPU.ActiveCfg = Release|Any CPU
		{08DDEFE6-91B9-46F1-8699-CED653B60D60}.Release|Any CPU.Build.0 = Release|Any CPU
	EndGlobalSection
	GlobalSection(SolutionProperties) = preSolution
		HideSolutionNode = FALSE
	EndGlobalSection
	GlobalSection(ExtensibilityGlobals) = postSolution
		SolutionGuid = {9D215389-D4AE-4015-A94E-A00CD12F5988}
	EndGlobalSection
EndGlobal
